
Microsoft Visual Studio Solution File, Format Version 12.00
# Visual Studio 2013
VisualStudioVersion = 12.0.21005.1
MinimumVisualStudioVersion = 10.0.40219.1
Project("{E24C65DC-7377-472B-9ABA-BC803B73C61A}") = "stream", "http://localhost:6683", "{8270B49D-46DC-44AB-9CEE-E9CDFC4C434C}"
	ProjectSection(WebsiteProperties) = preProject
		UseIISExpress = "true"
		TargetFrameworkMoniker = ".NETFramework,Version%3Dv4.0"
		Debug.AspNetCompiler.VirtualPath = "/localhost_6683"
		Debug.AspNetCompiler.PhysicalPath = "..\..\..\..\.yawcam\stream\"
		Debug.AspNetCompiler.TargetPath = "PrecompiledWeb\localhost_6683\"
		Debug.AspNetCompiler.Updateable = "true"
		Debug.AspNetCompiler.ForceOverwrite = "true"
		Debug.AspNetCompiler.FixedNames = "false"
		Debug.AspNetCompiler.Debug = "True"
		Release.AspNetCompiler.VirtualPath = "/localhost_6683"
		Release.AspNetCompiler.PhysicalPath = "..\..\..\..\.yawcam\stream\"
		Release.AspNetCompiler.TargetPath = "PrecompiledWeb\localhost_6683\"
		Release.AspNetCompiler.Updateable = "true"
		Release.AspNetCompiler.ForceOverwrite = "true"
		Release.AspNetCompiler.FixedNames = "false"
		Release.AspNetCompiler.Debug = "False"
		SlnRelativePath = "..\..\..\..\.yawcam\stream\"
	EndProjectSection
EndProject
Global
	GlobalSection(SolutionConfigurationPlatforms) = preSolution
		Debug|Any CPU = Debug|Any CPU
	EndGlobalSection
	GlobalSection(ProjectConfigurationPlatforms) = postSolution
		{8270B49D-46DC-44AB-9CEE-E9CDFC4C434C}.Debug|Any CPU.ActiveCfg = Debug|Any CPU
		{8270B49D-46DC-44AB-9CEE-E9CDFC4C434C}.Debug|Any CPU.Build.0 = Debug|Any CPU
	EndGlobalSection
	GlobalSection(SolutionProperties) = preSolution
		HideSolutionNode = FALSE
	EndGlobalSection
EndGlobal
